// !$*UTF8*$!
{
	archiveVersion = 1;
	classes = {
	};
	objectVersion = 56;
	objects = {

/* Begin PBXBuildFile section */
		BA4A0BD02AA7A55F00F5DF21 /* ViewControllerMap.swift in Sources */ = {isa = PBXBuildFile; fileRef = BA4A0BCF2AA7A55F00F5DF21 /* ViewControllerMap.swift */; };
		BA5EDA182AA73E3600557AF1 /* AppDelegate.swift in Sources */ = {isa = PBXBuildFile; fileRef = BA5EDA172AA73E3600557AF1 /* AppDelegate.swift */; };
		BA5EDA1A2AA73E3600557AF1 /* SceneDelegate.swift in Sources */ = {isa = PBXBuildFile; fileRef = BA5EDA192AA73E3600557AF1 /* SceneDelegate.swift */; };
		BA5EDA1F2AA73E3600557AF1 /* Main.storyboard in Resources */ = {isa = PBXBuildFile; fileRef = BA5EDA1D2AA73E3600557AF1 /* Main.storyboard */; };
		BA5EDA212AA73E3700557AF1 /* Assets.xcassets in Resources */ = {isa = PBXBuildFile; fileRef = BA5EDA202AA73E3700557AF1 /* Assets.xcassets */; };
		BA5EDA242AA73E3700557AF1 /* LaunchScreen.storyboard in Resources */ = {isa = PBXBuildFile; fileRef = BA5EDA222AA73E3700557AF1 /* LaunchScreen.storyboard */; };
		BA5EDA2C2AA73E7100557AF1 /* TableViewController.swift in Sources */ = {isa = PBXBuildFile; fileRef = BA5EDA2B2AA73E7100557AF1 /* TableViewController.swift */; };
		BA5EDA2E2AA73E9C00557AF1 /* Places.swift in Sources */ = {isa = PBXBuildFile; fileRef = BA5EDA2D2AA73E9C00557AF1 /* Places.swift */; };
		BA5EDA302AA7427C00557AF1 /* ViewController.swift in Sources */ = {isa = PBXBuildFile; fileRef = BA5EDA2F2AA7427C00557AF1 /* ViewController.swift */; };
/* End PBXBuildFile section */

/* Begin PBXFileReference section */
		BA4A0BCF2AA7A55F00F5DF21 /* ViewControllerMap.swift */ = {isa = PBXFileReference; lastKnownFileType = sourcecode.swift; name = ViewControllerMap.swift; path = ../ViewControllerMap.swift; sourceTree = "<group>"; };
		BA5EDA142AA73E3600557AF1 /* MapViewListOfPlaces.app */ = {isa = PBXFileReference; explicitFileType = wrapper.application; includeInIndex = 0; path = MapViewListOfPlaces.app; sourceTree = BUILT_PRODUCTS_DIR; };
		BA5EDA172AA73E3600557AF1 /* AppDelegate.swift */ = {isa = PBXFileReference; lastKnownFileType = sourcecode.swift; path = AppDelegate.swift; sourceTree = "<group>"; };
		BA5EDA192AA73E3600557AF1 /* SceneDelegate.swift */ = {isa = PBXFileReference; lastKnownFileType = sourcecode.swift; path = SceneDelegate.swift; sourceTree = "<group>"; };
		BA5EDA1E2AA73E3600557AF1 /* Base */ = {isa = PBXFileReference; lastKnownFileType = file.storyboard; name = Base; path = Base.lproj/Main.storyboard; sourceTree = "<group>"; };
		BA5EDA202AA73E3700557AF1 /* Assets.xcassets */ = {isa = PBXFileReference; lastKnownFileType = folder.assetcatalog; path = Assets.xcassets; sourceTree = "<group>"; };
		BA5EDA232AA73E3700557AF1 /* Base */ = {isa = PBXFileReference; lastKnownFileType = file.storyboard; name = Base; path = Base.lproj/LaunchScreen.storyboard; sourceTree = "<group>"; };
		BA5EDA252AA73E3700557AF1 /* Info.plist */ = {isa = PBXFileReference; lastKnownFileType = text.plist.xml; path = Info.plist; sourceTree = "<group>"; };
		BA5EDA2B2AA73E7100557AF1 /* TableViewController.swift */ = {isa = PBXFileReference; lastKnownFileType = sourcecode.swift; path = TableViewController.swift; sourceTree = "<group>"; };
		BA5EDA2D2AA73E9C00557AF1 /* Places.swift */ = {isa = PBXFileReference; lastKnownFileType = sourcecode.swift; path = Places.swift; sourceTree = "<group>"; };
		BA5EDA2F2AA7427C00557AF1 /* ViewController.swift */ = {isa = PBXFileReference; lastKnownFileType = sourcecode.swift; path = ViewController.swift; sourceTree = "<group>"; };
/* End PBXFileReference section */

/* Begin PBXFrameworksBuildPhase section */
		BA5EDA112AA73E3600557AF1 /* Frameworks */ = {
			isa = PBXFrameworksBuildPhase;
			buildActionMask = 2147483647;
			files = (
			);
			runOnlyForDeploymentPostprocessing = 0;
		};
/* End PBXFrameworksBuildPhase section */

/* Begin PBXGroup section */
		BA5EDA0B2AA73E3600557AF1 = {
			isa = PBXGroup;
			children = (
				BA5EDA162AA73E3600557AF1 /* MapViewListOfPlaces */,
				BA5EDA152AA73E3600557AF1 /* Products */,
			);
			sourceTree = "<group>";
		};
		BA5EDA152AA73E3600557AF1 /* Products */ = {
			isa = PBXGroup;
			children = (
				BA5EDA142AA73E3600557AF1 /* MapViewListOfPlaces.app */,
			);
			name = Products;
			sourceTree = "<group>";
		};
		BA5EDA162AA73E3600557AF1 /* MapViewListOfPlaces */ = {
			isa = PBXGroup;
			children = (
				BA5EDA2D2AA73E9C00557AF1 /* Places.swift */,
				BA5EDA2B2AA73E7100557AF1 /* TableViewController.swift */,
				BA5EDA2F2AA7427C00557AF1 /* ViewController.swift */,
				BA4A0BCF2AA7A55F00F5DF21 /* ViewControllerMap.swift */,
				BA5EDA172AA73E3600557AF1 /* AppDelegate.swift */,
				BA5EDA192AA73E3600557AF1 /* SceneDelegate.swift */,
				BA5EDA1D2AA73E3600557AF1 /* Main.storyboard */,
				BA5EDA202AA73E3700557AF1 /* Assets.xcassets */,
				BA5EDA222AA73E3700557AF1 /* LaunchScreen.storyboard */,
				BA5EDA252AA73E3700557AF1 /* Info.plist */,
			);
			path = MapViewListOfPlaces;
			sourceTree = "<group>";
		};
/* End PBXGroup section */

/* Begin PBXNativeTarget section */
		BA5EDA132AA73E3600557AF1 /* MapViewListOfPlaces */ = {
			isa = PBXNativeTarget;
			buildConfigurationList = BA5EDA282AA73E3700557AF1 /* Build configuration list for PBXNativeTarget "MapViewListOfPlaces" */;
			buildPhases = (
				BA5EDA102AA73E3600557AF1 /* Sources */,
				BA5EDA112AA73E3600557AF1 /* Frameworks */,
				BA5EDA122AA73E3600557AF1 /* Resources */,
			);
			buildRules = (
			);
			dependencies = (
			);
			name = MapViewListOfPlaces;
			productName = MapViewListOfPlaces;
			productReference = BA5EDA142AA73E3600557AF1 /* MapViewListOfPlaces.app */;
			productType = "com.apple.product-type.application";
		};
/* End PBXNativeTarget section */

/* Begin PBXProject section */
		BA5EDA0C2AA73E3600557AF1 /* Project object */ = {
			isa = PBXProject;
			attributes = {
				BuildIndependentTargetsInParallel = 1;
				LastSwiftUpdateCheck = 1430;
				LastUpgradeCheck = 1430;
				TargetAttributes = {
					BA5EDA132AA73E3600557AF1 = {
						CreatedOnToolsVersion = 14.3.1;
					};
				};
			};
			buildConfigurationList = BA5EDA0F2AA73E3600557AF1 /* Build configuration list for PBXProject "MapViewListOfPlaces" */;
			compatibilityVersion = "Xcode 14.0";
			developmentRegion = en;
			hasScannedForEncodings = 0;
			knownRegions = (
				en,
				Base,
			);
			mainGroup = BA5EDA0B2AA73E3600557AF1;
			productRefGroup = BA5EDA152AA73E3600557AF1 /* Products */;
			projectDirPath = "";
			projectRoot = "";
			targets = (
				BA5EDA132AA73E3600557AF1 /* MapViewListOfPlaces */,
			);
		};
/* End PBXProject section */

/* Begin PBXResourcesBuildPhase section */
		BA5EDA122AA73E3600557AF1 /* Resources */ = {
			isa = PBXResourcesBuildPhase;
			buildActionMask = 2147483647;
			files = (
				BA5EDA242AA73E3700557AF1 /* LaunchScreen.storyboard in Resources */,
				BA5EDA212AA73E3700557AF1 /* Assets.xcassets in Resources */,
				BA5EDA1F2AA73E3600557AF1 /* Main.storyboard in Resources */,
			);
			runOnlyForDeploymentPostprocessing = 0;
		};
/* End PBXResourcesBuildPhase section */

/* Begin PBXSourcesBuildPhase section */
		BA5EDA102AA73E3600557AF1 /* Sources */ = {
			isa = PBXSourcesBuildPhase;
			buildActionMask = 2147483647;
			files = (
				BA5EDA302AA7427C00557AF1 /* ViewController.swift in Sources */,
				BA5EDA182AA73E3600557AF1 /* AppDelegate.swift in Sources */,
				BA5EDA2C2AA73E7100557AF1 /* TableViewController.swift in Sources */,
				BA5EDA1A2AA73E3600557AF1 /* SceneDelegate.swift in Sources */,
				BA5EDA2E2AA73E9C00557AF1 /* Places.swift in Sources */,
				BA4A0BD02AA7A55F00F5DF21 /* ViewControllerMap.swift in Sources */,
			);
			runOnlyForDeploymentPostprocessing = 0;
		};
/* End PBXSourcesBuildPhase section */

/* Begin PBXVariantGroup section */
		BA5EDA1D2AA73E3600557AF1 /* Main.storyboard */ = {
			isa = PBXVariantGroup;
			children = (
				BA5EDA1E2AA73E3600557AF1 /* Base */,
			);
			name = Main.storyboard;
			sourceTree = "<group>";
		};
		BA5EDA222AA73E3700557AF1 /* LaunchScreen.storyboard */ = {
			isa = PBXVariantGroup;
			children = (
				BA5EDA232AA73E3700557AF1 /* Base */,
			);
			name = LaunchScreen.storyboard;
			sourceTree = "<group>";
		};
/* End PBXVariantGroup section */

/* Begin XCBuildConfiguration section */
		BA5EDA262AA73E3700557AF1 /* Debug */ = {
			isa = XCBuildConfiguration;
			buildSettings = {
				ALWAYS_SEARCH_USER_PATHS = NO;
				CLANG_ANALYZER_NONNULL = YES;
				CLANG_ANALYZER_NUMBER_OBJECT_CONVERSION = YES_AGGRESSIVE;
				CLANG_CXX_LANGUAGE_STANDARD = "gnu++20";
				CLANG_ENABLE_MODULES = YES;
				CLANG_ENABLE_OBJC_ARC = YES;
				CLANG_ENABLE_OBJC_WEAK = YES;
				CLANG_WARN_BLOCK_CAPTURE_AUTORELEASING = YES;
				CLANG_WARN_BOOL_CONVERSION = YES;
				CLANG_WARN_COMMA = YES;
				CLANG_WARN_CONSTANT_CONVERSION = YES;
				CLANG_WARN_DEPRECATED_OBJC_IMPLEMENTATIONS = YES;
				CLANG_WARN_DIRECT_OBJC_ISA_USAGE = YES_ERROR;
				CLANG_WARN_DOCUMENTATION_COMMENTS = YES;
				CLANG_WARN_EMPTY_BODY = YES;
				CLANG_WARN_ENUM_CONVERSION = YES;
				CLANG_WARN_INFINITE_RECURSION = YES;
				CLANG_WARN_INT_CONVERSION = YES;
				CLANG_WARN_NON_LITERAL_NULL_CONVERSION = YES;
				CLANG_WARN_OBJC_IMPLICIT_RETAIN_SELF = YES;
				CLANG_WARN_OBJC_LITERAL_CONVERSION = YES;
				CLANG_WARN_OBJC_ROOT_CLASS = YES_ERROR;
				CLANG_WARN_QUOTED_INCLUDE_IN_FRAMEWORK_HEADER = YES;
				CLANG_WARN_RANGE_LOOP_ANALYSIS = YES;
				CLANG_WARN_STRICT_PROTOTYPES = YES;
				CLANG_WARN_SUSPICIOUS_MOVE = YES;
				CLANG_WARN_UNGUARDED_AVAILABILITY = YES_AGGRESSIVE;
				CLANG_WARN_UNREACHABLE_CODE = YES;
				CLANG_WARN__DUPLICATE_METHOD_MATCH = YES;
				COPY_PHASE_STRIP = NO;
				DEBUG_INFORMATION_FORMAT = dwarf;
				ENABLE_STRICT_OBJC_MSGSEND = YES;
				ENABLE_TESTABILITY = YES;
				GCC_C_LANGUAGE_STANDARD = gnu11;
				GCC_DYNAMIC_NO_PIC = NO;
				GCC_NO_COMMON_BLOCKS = YES;
				GCC_OPTIMIZATION_LEVEL = 0;
				GCC_PREPROCESSOR_DEFINITIONS = (
					"DEBUG=1",
					"$(inherited)",
				);
				GCC_WARN_64_TO_32_BIT_CONVERSION = YES;
				GCC_WARN_ABOUT_RETURN_TYPE = YES_ERROR;
				GCC_WARN_UNDECLARED_SELECTOR = YES;
				GCC_WARN_UNINITIALIZED_AUTOS = YES_AGGRESSIVE;
				GCC_WARN_UNUSED_FUNCTION = YES;
				GCC_WARN_UNUSED_VARIABLE = YES;
				IPHONEOS_DEPLOYMENT_TARGET = 16.4;
				MTL_ENABLE_DEBUG_INFO = INCLUDE_SOURCE;
				MTL_FAST_MATH = YES;
				ONLY_ACTIVE_ARCH = YES;
				SDKROOT = iphoneos;
				SWIFT_ACTIVE_COMPILATION_CONDITIONS = DEBUG;
				SWIFT_OPTIMIZATION_LEVEL = "-Onone";
			};
			name = Debug;
		};
		BA5EDA272AA73E3700557AF1 /* Release */ = {
			isa = XCBuildConfiguration;
			buildSettings = {
				ALWAYS_SEARCH_USER_PATHS = NO;
				CLANG_ANALYZER_NONNULL = YES;
				CLANG_ANALYZER_NUMBER_OBJECT_CONVERSION = YES_AGGRESSIVE;
				CLANG_CXX_LANGUAGE_STANDARD = "gnu++20";
				CLANG_ENABLE_MODULES = YES;
				CLANG_ENABLE_OBJC_ARC = YES;
				CLANG_ENABLE_OBJC_WEAK = YES;
				CLANG_WARN_BLOCK_CAPTURE_AUTORELEASING = YES;
				CLANG_WARN_BOOL_CONVERSION = YES;
				CLANG_WARN_COMMA = YES;
				CLANG_WARN_CONSTANT_CONVERSION = YES;
				CLANG_WARN_DEPRECATED_OBJC_IMPLEMENTATIONS = YES;
				CLANG_WARN_DIRECT_OBJC_ISA_USAGE = YES_ERROR;
				CLANG_WARN_DOCUMENTATION_COMMENTS = YES;
				CLANG_WARN_EMPTY_BODY = YES;
				CLANG_WARN_ENUM_CONVERSION = YES;
				CLANG_WARN_INFINITE_RECURSION = YES;
				CLANG_WARN_INT_CONVERSION = YES;
				CLANG_WARN_NON_LITERAL_NULL_CONVERSION = YES;
				CLANG_WARN_OBJC_IMPLICIT_RETAIN_SELF = YES;
				CLANG_WARN_OBJC_LITERAL_CONVERSION = YES;
				CLANG_WARN_OBJC_ROOT_CLASS = YES_ERROR;
				CLANG_WARN_QUOTED_INCLUDE_IN_FRAMEWORK_HEADER = YES;
				CLANG_WARN_RANGE_LOOP_ANALYSIS = YES;
				CLANG_WARN_STRICT_PROTOTYPES = YES;
				CLANG_WARN_SUSPICIOUS_MOVE = YES;
				CLANG_WARN_UNGUARDED_AVAILABILITY = YES_AGGRESSIVE;
				CLANG_WARN_UNREACHABLE_CODE = YES;
				CLANG_WARN__DUPLICATE_METHOD_MATCH = YES;
				COPY_PHASE_STRIP = NO;
				DEBUG_INFORMATION_FORMAT = "dwarf-with-dsym";
				ENABLE_NS_ASSERTIONS = NO;
				ENABLE_STRICT_OBJC_MSGSEND = YES;
				GCC_C_LANGUAGE_STANDARD = gnu11;
				GCC_NO_COMMON_BLOCKS = YES;
				GCC_WARN_64_TO_32_BIT_CONVERSION = YES;
				GCC_WARN_ABOUT_RETURN_TYPE = YES_ERROR;
				GCC_WARN_UNDECLARED_SELECTOR = YES;
				GCC_WARN_UNINITIALIZED_AUTOS = YES_AGGRESSIVE;
				GCC_WARN_UNUSED_FUNCTION = YES;
				GCC_WARN_UNUSED_VARIABLE = YES;
				IPHONEOS_DEPLOYMENT_TARGET = 16.4;
				MTL_ENABLE_DEBUG_INFO = NO;
				MTL_FAST_MATH = YES;
				SDKROOT = iphoneos;
				SWIFT_COMPILATION_MODE = wholemodule;
				SWIFT_OPTIMIZATION_LEVEL = "-O";
				VALIDATE_PRODUCT = YES;
			};
			name = Release;
		};
		BA5EDA292AA73E3700557AF1 /* Debug */ = {
			isa = XCBuildConfiguration;
			buildSettings = {
				ASSETCATALOG_COMPILER_APPICON_NAME = AppIcon;
				ASSETCATALOG_COMPILER_GLOBAL_ACCENT_COLOR_NAME = AccentColor;
				CODE_SIGN_STYLE = Automatic;
				CURRENT_PROJECT_VERSION = 1;
				GENERATE_INFOPLIST_FILE = YES;
				INFOPLIST_FILE = MapViewListOfPlaces/Info.plist;
				INFOPLIST_KEY_UIApplicationSupportsIndirectInputEvents = YES;
				INFOPLIST_KEY_UILaunchStoryboardName = LaunchScreen;
				INFOPLIST_KEY_UIMainStoryboardFile = Main;
				INFOPLIST_KEY_UISupportedInterfaceOrientations_iPad = "UIInterfaceOrientationPortrait UIInterfaceOrientationPortraitUpsideDown UIInterfaceOrientationLandscapeLeft UIInterfaceOrientationLandscapeRight";
				INFOPLIST_KEY_UISupportedInterfaceOrientations_iPhone = "UIInterfaceOrientationPortrait UIInterfaceOrientationLandscapeLeft UIInterfaceOrientationLandscapeRight";
				LD_RUNPATH_SEARCH_PATHS = (
					"$(inherited)",
					"@executable_path/Frameworks",
				);
				MARKETING_VERSION = 1.0;
				PRODUCT_BUNDLE_IDENTIFIER = kz.serik.MapViewListOfPlaces;
				PRODUCT_NAME = "$(TARGET_NAME)";
				SWIFT_EMIT_LOC_STRINGS = YES;
				SWIFT_VERSION = 5.0;
				TARGETED_DEVICE_FAMILY = "1,2";
			};
			name = Debug;
		};
		BA5EDA2A2AA73E3700557AF1 /* Release */ = {
			isa = XCBuildConfiguration;
			buildSettings = {
				ASSETCATALOG_COMPILER_APPICON_NAME = AppIcon;
				ASSETCATALOG_COMPILER_GLOBAL_ACCENT_COLOR_NAME = AccentColor;
				CODE_SIGN_STYLE = Automatic;
				CURRENT_PROJECT_VERSION = 1;
				GENERATE_INFOPLIST_FILE = YES;
				INFOPLIST_FILE = MapViewListOfPlaces/Info.plist;
				INFOPLIST_KEY_UIApplicationSupportsIndirectInputEvents = YES;
				INFOPLIST_KEY_UILaunchStoryboardName = LaunchScreen;
				INFOPLIST_KEY_UIMainStoryboardFile = Main;
				INFOPLIST_KEY_UISupportedInterfaceOrientations_iPad = "UIInterfaceOrientationPortrait UIInterfaceOrientationPortraitUpsideDown UIInterfaceOrientationLandscapeLeft UIInterfaceOrientationLandscapeRight";
				INFOPLIST_KEY_UISupportedInterfaceOrientations_iPhone = "UIInterfaceOrientationPortrait UIInterfaceOrientationLandscapeLeft UIInterfaceOrientationLandscapeRight";
				LD_RUNPATH_SEARCH_PATHS = (
					"$(inherited)",
					"@executable_path/Frameworks",
				);
				MARKETING_VERSION = 1.0;
				PRODUCT_BUNDLE_IDENTIFIER = kz.serik.MapViewListOfPlaces;
				PRODUCT_NAME = "$(TARGET_NAME)";
				SWIFT_EMIT_LOC_STRINGS = YES;
				SWIFT_VERSION = 5.0;
				TARGETED_DEVICE_FAMILY = "1,2";
			};
			name = Release;
		};
/* End XCBuildConfiguration section */

/* Begin XCConfigurationList section */
		BA5EDA0F2AA73E3600557AF1 /* Build configuration list for PBXProject "MapViewListOfPlaces" */ = {
			isa = XCConfigurationList;
			buildConfigurations = (
				BA5EDA262AA73E3700557AF1 /* Debug */,
				BA5EDA272AA73E3700557AF1 /* Release */,
			);
			defaultConfigurationIsVisible = 0;
			defaultConfigurationName = Release;
		};
		BA5EDA282AA73E3700557AF1 /* Build configuration list for PBXNativeTarget "MapViewListOfPlaces" */ = {
			isa = XCConfigurationList;
			buildConfigurations = (
				BA5EDA292AA73E3700557AF1 /* Debug */,
				BA5EDA2A2AA73E3700557AF1 /* Release */,
			);
			defaultConfigurationIsVisible = 0;
			defaultConfigurationName = Release;
		};
/* End XCConfigurationList section */
	};
	rootObject = BA5EDA0C2AA73E3600557AF1 /* Project object */;
}
